{
    "_meta": {
        "hash": {
            "sha256": "967cfa033caeadf01d4af89a73c4b85ca6771ab559415a21cf31f643ab4c8c7b"
        },
        "pipfile-spec": 6,
        "requires": {
            "python_version": "3.8"
        },
        "sources": [
            {
                "name": "pypi",
                "url": "https://pypi.org/simple",
                "verify_ssl": true
            }
        ]
    },
    "default": {
        "certifi": {
            "hashes": [
                "sha256:5930595817496dd21bb8dc35dad090f1c2cd0adfaf21204bf6732ca5d8ee34d3",
                "sha256:8fc0819f1f30ba15bdb34cceffb9ef04d99f420f68eb75d901e9560b8749fc41"
            ],
            "version": "==2020.6.20"
        },
        "chardet": {
            "hashes": [
                "sha256:84ab92ed1c4d4f16916e05906b6b75a6c0fb5db821cc65e70cbd64a3e2a5eaae",
                "sha256:fc323ffcaeaed0e0a02bf4d117757b98aed530d9ed4531e3e15460124c106691"
            ],
            "version": "==3.0.4"
        },
        "idna": {
            "hashes": [
                "sha256:b307872f855b18632ce0c21c5e45be78c0ea7ae4c15c828c20788b26921eb3f6",
                "sha256:b97d804b1e9b523befed77c48dacec60e6dcb0b5391d57af6a65a312a90648c0"
            ],
            "markers": "python_version >= '2.7' and python_version not in '3.0, 3.1, 3.2, 3.3'",
            "version": "==2.10"
        },
        "numpy": {
            "hashes": [
                "sha256:13af0184177469192d80db9bd02619f6fa8b922f9f327e077d6f2a6acb1ce1c0",
                "sha256:26a45798ca2a4e168d00de75d4a524abf5907949231512f372b217ede3429e98",
                "sha256:26f509450db547e4dfa3ec739419b31edad646d21fb8d0ed0734188b35ff6b27",
                "sha256:30a59fb41bb6b8c465ab50d60a1b298d1cd7b85274e71f38af5a75d6c475d2d2",
                "sha256:33c623ef9ca5e19e05991f127c1be5aeb1ab5cdf30cb1c5cf3960752e58b599b",
                "sha256:356f96c9fbec59974a592452ab6a036cd6f180822a60b529a975c9467fcd5f23",
                "sha256:3c40c827d36c6d1c3cf413694d7dc843d50997ebffbc7c87d888a203ed6403a7",
                "sha256:4d054f013a1983551254e2379385e359884e5af105e3efe00418977d02f634a7",
                "sha256:63d971bb211ad3ca37b2adecdd5365f40f3b741a455beecba70fd0dde8b2a4cb",
                "sha256:658624a11f6e1c252b2cd170d94bf28c8f9410acab9f2fd4369e11e1cd4e1aaf",
                "sha256:76766cc80d6128750075378d3bb7812cf146415bd29b588616f72c943c00d598",
                "sha256:7b57f26e5e6ee2f14f960db46bd58ffdca25ca06dd997729b1b179fddd35f5a3",
                "sha256:7b852817800eb02e109ae4a9cef2beda8dd50d98b76b6cfb7b5c0099d27b52d4",
                "sha256:8cde829f14bd38f6da7b2954be0f2837043e8b8d7a9110ec5e318ae6bf706610",
                "sha256:a2e3a39f43f0ce95204beb8fe0831199542ccab1e0c6e486a0b4947256215632",
                "sha256:a86c962e211f37edd61d6e11bb4df7eddc4a519a38a856e20a6498c319efa6b0",
                "sha256:a8705c5073fe3fcc297fb8e0b31aa794e05af6a329e81b7ca4ffecab7f2b95ef",
                "sha256:b6aaeadf1e4866ca0fdf7bb4eed25e521ae21a7947c59f78154b24fc7abbe1dd",
                "sha256:be62aeff8f2f054eff7725f502f6228298891fd648dc2630e03e44bf63e8cee0",
                "sha256:c2edbb783c841e36ca0fa159f0ae97a88ce8137fb3a6cd82eae77349ba4b607b",
                "sha256:cbe326f6d364375a8e5a8ccb7e9cd73f4b2f6dc3b2ed205633a0db8243e2a96a",
                "sha256:d34fbb98ad0d6b563b95de852a284074514331e6b9da0a9fc894fb1cdae7a79e",
                "sha256:d97a86937cf9970453c3b62abb55a6475f173347b4cde7f8dcdb48c8e1b9952d",
                "sha256:dd53d7c4a69e766e4900f29db5872f5824a06827d594427cf1a4aa542818b796",
                "sha256:df1889701e2dfd8ba4dc9b1a010f0a60950077fb5242bb92c8b5c7f1a6f2668a",
                "sha256:fa1fe75b4a9e18b66ae7f0b122543c42debcf800aaafa0212aaff3ad273c2596"
            ],
            "index": "pypi",
            "version": "==1.19.0"
        },
        "pyqt5": {
            "hashes": [
                "sha256:14be35c0c1bcc804791a096d2ef9950f12c6fd34dd11dbe61b8c769fefcdf98c",
                "sha256:3605d34ba6291b9194c46035e228d6d01f39d120cf5ecc70301c11e7900fed21",
                "sha256:5bac0fab1e9891d73400c2470a9cb810e6bdbc7027a84ae4d3ec83436f1109ec",
                "sha256:c6f75488ffd5365a65893bc64ea82a6957db126fbfe33654bcd43ae1c30c52f9",
                "sha256:e05c86b8c4f02d62a5b355d426fd8d063781dd44c6a3f916640a5beb40efe60a"
            ],
            "index": "pypi",
            "version": "==5.15.0"
        },
        "pyqt5-sip": {
            "hashes": [
                "sha256:0a34b6596bdd28d52da3a51fa8d9bb0b287bcb605c2512aa3251b9028cc71f4d",
                "sha256:1d65ce08a56282fb0273dd06585b8927b88d4fba71c01a54f8e2ac87ac1ed387",
                "sha256:224e2fbb7088595940c348d168a317caa2110cbb7a5b957a8c3fc0d9296ee069",
                "sha256:2a1153cda63f2632d3d5698f0cf29f6b1f1d5162305dc6f5b23336ad8f1039ed",
                "sha256:2a2239d16a49ce6eaf10166a84424543111f8ebe49d3c124d02af91b01a58425",
                "sha256:58eae636e0b1926cddec98a703319a47f671cef07d73aaa525ba421cd4adfeb5",
                "sha256:5c19c4ad67af087e8f4411da7422391b236b941f5f0697f615c5816455d1355d",
                "sha256:61aa60fb848d740581646603a12c2dcb8d7c4cbd2a9c476a1c891ec360ff0b87",
                "sha256:8d9f4dc7dbae9783c5dafd66801875a2ebf9302c3addd5739f772285c1c1e91c",
                "sha256:94c80677b1e8c92fa080e24045d54ace5e4343c4ee6d0216675cd91d6f8e122a",
                "sha256:9b69db29571dde679908fb237784a8e7af4a2cbf1b7bb25bdb86e487210e04d2",
                "sha256:9ef12754021bcc1246f97e00ea62b5594dd5c61192830639ab4a1640bd4b7940",
                "sha256:b1bbe763d431d26f9565cba3e99866768761366ab6d609d2506d194882156fa7",
                "sha256:d7b8a8f89385ad9e3da38e0123c22c0efc18005e0e2731b6b95e4c21db2049d2",
                "sha256:e6254647fa35e1260282aeb9c32a3dd363287b9a1ffcc4f22bd27e54178e92e4",
                "sha256:f4c294bfaf2be8004583266d4621bfd3a387e12946f548f966a7fbec91845f1b",
                "sha256:fa3d70f370604efc67085849d3d1d3d2109faa716c520faf601d15845df64de6"
            ],
            "markers": "python_version >= '3.5'",
            "version": "==12.8.0"
        },
        "pyqtgraph": {
            "hashes": [
                "sha256:234d78f266d7c44d80e3bb735043e102d446842ef12e60f62f157f1fa5146411",
                "sha256:ca0a6715882579c46c80df18d9b260a09fce0e086521bfb6fc1f4027f938b35c",
                "sha256:f3ad018f18eb1c7a745d063a1050e743960c987d640466728b385c9ac066fc08"
            ],
            "index": "pypi",
            "version": "==0.11.0"
        },
        "requests": {
            "hashes": [
                "sha256:b3559a131db72c33ee969480840fff4bb6dd111de7dd27c8ee1f820f4f00231b",
                "sha256:fe75cc94a9443b9246fc7049224f75604b113c36acb93f87b80ed42c44cbb898"
            ],
            "index": "pypi",
            "version": "==2.24.0"
        },
        "urllib3": {
            "hashes": [
                "sha256:3018294ebefce6572a474f0604c2021e33b3fd8006ecd11d62107a5d2a963527",
                "sha256:88206b0eb87e6d677d424843ac5209e3fb9d0190d0ee169599165ec25e9d9115"
            ],
            "markers": "python_version >= '2.7' and python_version not in '3.0, 3.1, 3.2, 3.3, 3.4' and python_version < '4'",
            "version": "==1.25.9"
        }
    },
    "develop": {
        "cx-freeze": {
            "hashes": [
                "sha256:26b30c2e80c2207e3a20d2ab4f29a4294f27b26ce21b10d2982f0e099add935e",
                "sha256:44bbbcea3196b79da77cc22637cb28a825b51182d32209e8a3f6cd4042edc247",
                "sha256:62bc70c3cd99ddc694afa5e27e73a8343a69194e73ad93f950750af3dfa635ea",
                "sha256:7f9e75b45f075165556cc5a2476f0b4991570d58d94a755e01dfe303cb46ec71",
                "sha256:ae337ed2f8ee6bbf74c42770545f3452e91ef2c2687210185d448477e906a044",
                "sha256:c226fda36e1ada3829df5720d57bf5883c601949c9e76868b0ba6519fd230f5a",
                "sha256:c3448afc50e3dd1aaddb0f1a869f68260f061d86fcda71f440587438a889b2fc",
                "sha256:cb734b0ea917c0fbf74a183fa2c816b8d67537e028aaa8c855f84d530f335fdd",
                "sha256:f7e312aa31717556c23c1624f351da81c1409ac297b12542520ed30400842c20"
            ],
            "index": "pypi",
            "version": "==6.2"
        },
        "pyqt5-stubs": {
            "hashes": [
                "sha256:b1a84b12bbeed74d95cc7fb4fd2df0a6711bd43e9a2651e552c83930c7b81638"
            ],
            "index": "pypi",
            "version": "==5.14.2.2"
        }
    }
}
